
Microsoft Visual Studio Solution File, Format Version 12.00
# Visual Studio Version 17
VisualStudioVersion = 17.11.35327.3
MinimumVisualStudioVersion = 10.0.40219.1
Project("{FAE04EC0-301F-11D3-BF4B-00C04F79EFBC}") = "NasaFunction", "WeatherFunction\NasaFunction.csproj", "{8056D2CF-9EB1-4955-9E35-3E72BFA4129A}"
EndProject
Project("{FAE04EC0-301F-11D3-BF4B-00C04F79EFBC}") = "DevTunnelsApp", "DevTunnelsApp\DevTunnelsApp.csproj", "{BF27ED94-1B8E-4B0F-9A3D-C1E144AA5F8C}"
EndProject
Global
	GlobalSection(SolutionConfigurationPlatforms) = preSolution
		Debug|Any CPU = Debug|Any CPU
		Release|Any CPU = Release|Any CPU
	EndGlobalSection
	GlobalSection(ProjectConfigurationPlatforms) = postSolution
		{8056D2CF-9EB1-4955-9E35-3E72BFA4129A}.Debug|Any CPU.ActiveCfg = Debug|Any CPU
		{8056D2CF-9EB1-4955-9E35-3E72BFA4129A}.Debug|Any CPU.Build.0 = Debug|Any CPU
		{8056D2CF-9EB1-4955-9E35-3E72BFA4129A}.Release|Any CPU.ActiveCfg = Release|Any CPU
		{8056D2CF-9EB1-4955-9E35-3E72BFA4129A}.Release|Any CPU.Build.0 = Release|Any CPU
		{BF27ED94-1B8E-4B0F-9A3D-C1E144AA5F8C}.Debug|Any CPU.ActiveCfg = Debug|Any CPU
		{BF27ED94-1B8E-4B0F-9A3D-C1E144AA5F8C}.Debug|Any CPU.Build.0 = Debug|Any CPU
		{BF27ED94-1B8E-4B0F-9A3D-C1E144AA5F8C}.Release|Any CPU.ActiveCfg = Release|Any CPU
		{BF27ED94-1B8E-4B0F-9A3D-C1E144AA5F8C}.Release|Any CPU.Build.0 = Release|Any CPU
	EndGlobalSection
	GlobalSection(SolutionProperties) = preSolution
		HideSolutionNode = FALSE
	EndGlobalSection
	GlobalSection(ExtensibilityGlobals) = postSolution
		SolutionGuid = {E4A8E5AB-F981-41D8-8B34-02CFACA8A118}
	EndGlobalSection
EndGlobal
